
Microsoft Visual Studio Solution File, Format Version 12.00
# Visual Studio Version 17
VisualStudioVersion = 17.0.32014.148
MinimumVisualStudioVersion = 10.0.40219.1
Project("{FAE04EC0-301F-11D3-BF4B-00C04F79EFBC}") = "Inforvet", "Inforvet\Inforvet.csproj", "{0E8C36E8-3029-4E02-8EEB-D46925FC46CE}"
EndProject
Global
	GlobalSection(SolutionConfigurationPlatforms) = preSolution
		Debug|Any CPU = Debug|Any CPU
		Release|Any CPU = Release|Any CPU
	EndGlobalSection
	GlobalSection(ProjectConfigurationPlatforms) = postSolution
		{0E8C36E8-3029-4E02-8EEB-D46925FC46CE}.Debug|Any CPU.ActiveCfg = Debug|Any CPU
		{0E8C36E8-3029-4E02-8EEB-D46925FC46CE}.Debug|Any CPU.Build.0 = Debug|Any CPU
		{0E8C36E8-3029-4E02-8EEB-D46925FC46CE}.Release|Any CPU.ActiveCfg = Release|Any CPU
		{0E8C36E8-3029-4E02-8EEB-D46925FC46CE}.Release|Any CPU.Build.0 = Release|Any CPU
	EndGlobalSection
	GlobalSection(SolutionProperties) = preSolution
		HideSolutionNode = FALSE
	EndGlobalSection
	GlobalSection(ExtensibilityGlobals) = postSolution
		SolutionGuid = {3ADD05E2-1F10-415D-B341-C05D5E1EBCDB}
	EndGlobalSection
EndGlobal
